// !$*UTF8*$!
{
	archiveVersion = 1;
	classes = {
	};
	objectVersion = 46;
	objects = {

/* Begin PBXBuildFile section */
		06042E1D1CDBD03800967877 /* add.png in Resources */ = {isa = PBXBuildFile; fileRef = 06042E171CDBD03800967877 /* add.png */; };
		06042E1E1CDBD03800967877 /* down.png in Resources */ = {isa = PBXBuildFile; fileRef = 06042E181CDBD03800967877 /* down.png */; };
		06042E1F1CDBD03800967877 /* left.png in Resources */ = {isa = PBXBuildFile; fileRef = 06042E191CDBD03800967877 /* left.png */; };
		06042E201CDBD03800967877 /* minus.png in Resources */ = {isa = PBXBuildFile; fileRef = 06042E1A1CDBD03800967877 /* minus.png */; };
		06042E211CDBD03800967877 /* right.png in Resources */ = {isa = PBXBuildFile; fileRef = 06042E1B1CDBD03800967877 /* right.png */; };
		06042E221CDBD03800967877 /* up.png in Resources */ = {isa = PBXBuildFile; fileRef = 06042E1C1CDBD03800967877 /* up.png */; };
		06DC3E1B1CD938E400787790 /* AppDelegate.swift in Sources */ = {isa = PBXBuildFile; fileRef = 06DC3E1A1CD938E400787790 /* AppDelegate.swift */; };
		06DC3E1D1CD938E400787790 /* ViewController.swift in Sources */ = {isa = PBXBuildFile; fileRef = 06DC3E1C1CD938E400787790 /* ViewController.swift */; };
		06DC3E201CD938E400787790 /* Main.storyboard in Resources */ = {isa = PBXBuildFile; fileRef = 06DC3E1E1CD938E400787790 /* Main.storyboard */; };
		06DC3E221CD938E400787790 /* Assets.xcassets in Resources */ = {isa = PBXBuildFile; fileRef = 06DC3E211CD938E400787790 /* Assets.xcassets */; };
		06DC3E251CD938E400787790 /* LaunchScreen.storyboard in Resources */ = {isa = PBXBuildFile; fileRef = 06DC3E231CD938E400787790 /* LaunchScreen.storyboard */; };
		06DC3E301CD938E500787790 /* dioda3Tests.swift in Sources */ = {isa = PBXBuildFile; fileRef = 06DC3E2F1CD938E500787790 /* dioda3Tests.swift */; };
/* End PBXBuildFile section */

/* Begin PBXContainerItemProxy section */
		06DC3E2C1CD938E400787790 /* PBXContainerItemProxy */ = {
			isa = PBXContainerItemProxy;
			containerPortal = 06DC3E0F1CD938E400787790 /* Project object */;
			proxyType = 1;
			remoteGlobalIDString = 06DC3E161CD938E400787790;
			remoteInfo = dioda3;
		};
/* End PBXContainerItemProxy section */

/* Begin PBXFileReference section */
		06042E171CDBD03800967877 /* add.png */ = {isa = PBXFileReference; lastKnownFileType = image.png; path = add.png; sourceTree = "<group>"; };
		06042E181CDBD03800967877 /* down.png */ = {isa = PBXFileReference; lastKnownFileType = image.png; path = down.png; sourceTree = "<group>"; };
		06042E191CDBD03800967877 /* left.png */ = {isa = PBXFileReference; lastKnownFileType = image.png; path = left.png; sourceTree = "<group>"; };
		06042E1A1CDBD03800967877 /* minus.png */ = {isa = PBXFileReference; lastKnownFileType = image.png; path = minus.png; sourceTree = "<group>"; };
		06042E1B1CDBD03800967877 /* right.png */ = {isa = PBXFileReference; lastKnownFileType = image.png; path = right.png; sourceTree = "<group>"; };
		06042E1C1CDBD03800967877 /* up.png */ = {isa = PBXFileReference; lastKnownFileType = image.png; path = up.png; sourceTree = "<group>"; };
		06DC3E171CD938E400787790 /* dioda3.app */ = {isa = PBXFileReference; explicitFileType = wrapper.application; includeInIndex = 0; path = dioda3.app; sourceTree = BUILT_PRODUCTS_DIR; };
		06DC3E1A1CD938E400787790 /* AppDelegate.swift */ = {isa = PBXFileReference; lastKnownFileType = sourcecode.swift; path = AppDelegate.swift; sourceTree = "<group>"; };
		06DC3E1C1CD938E400787790 /* ViewController.swift */ = {isa = PBXFileReference; lastKnownFileType = sourcecode.swift; lineEnding = 0; path = ViewController.swift; sourceTree = "<group>"; usesTabs = 0; };
		06DC3E1F1CD938E400787790 /* Base */ = {isa = PBXFileReference; lastKnownFileType = file.storyboard; name = Base; path = Base.lproj/Main.storyboard; sourceTree = "<group>"; };
		06DC3E211CD938E400787790 /* Assets.xcassets */ = {isa = PBXFileReference; lastKnownFileType = folder.assetcatalog; path = Assets.xcassets; sourceTree = "<group>"; };
		06DC3E241CD938E400787790 /* Base */ = {isa = PBXFileReference; lastKnownFileType = file.storyboard; name = Base; path = Base.lproj/LaunchScreen.storyboard; sourceTree = "<group>"; };
		06DC3E261CD938E400787790 /* Info.plist */ = {isa = PBXFileReference; lastKnownFileType = text.plist.xml; path = Info.plist; sourceTree = "<group>"; };
		06DC3E2B1CD938E400787790 /* dioda3Tests.xctest */ = {isa = PBXFileReference; explicitFileType = wrapper.cfbundle; includeInIndex = 0; path = dioda3Tests.xctest; sourceTree = BUILT_PRODUCTS_DIR; };
		06DC3E2F1CD938E500787790 /* dioda3Tests.swift */ = {isa = PBXFileReference; lastKnownFileType = sourcecode.swift; path = dioda3Tests.swift; sourceTree = "<group>"; };
		06DC3E311CD938E500787790 /* Info.plist */ = {isa = PBXFileReference; lastKnownFileType = text.plist.xml; path = Info.plist; sourceTree = "<group>"; };
/* End PBXFileReference section */

/* Begin PBXFrameworksBuildPhase section */
		06DC3E141CD938E400787790 /* Frameworks */ = {
			isa = PBXFrameworksBuildPhase;
			buildActionMask = 2147483647;
			files = (
			);
			runOnlyForDeploymentPostprocessing = 0;
		};
		06DC3E281CD938E400787790 /* Frameworks */ = {
			isa = PBXFrameworksBuildPhase;
			buildActionMask = 2147483647;
			files = (
			);
			runOnlyForDeploymentPostprocessing = 0;
		};
/* End PBXFrameworksBuildPhase section */

/* Begin PBXGroup section */
		06DC3E0E1CD938E400787790 = {
			isa = PBXGroup;
			children = (
				06DC3E191CD938E400787790 /* dioda3 */,
				06DC3E2E1CD938E400787790 /* dioda3Tests */,
				06DC3E181CD938E400787790 /* Products */,
			);
			sourceTree = "<group>";
		};
		06DC3E181CD938E400787790 /* Products */ = {
			isa = PBXGroup;
			children = (
				06DC3E171CD938E400787790 /* dioda3.app */,
				06DC3E2B1CD938E400787790 /* dioda3Tests.xctest */,
			);
			name = Products;
			sourceTree = "<group>";
		};
		06DC3E191CD938E400787790 /* dioda3 */ = {
			isa = PBXGroup;
			children = (
				06DC3E1A1CD938E400787790 /* AppDelegate.swift */,
				06DC3E1C1CD938E400787790 /* ViewController.swift */,
				06DC3E1E1CD938E400787790 /* Main.storyboard */,
				06DC3E211CD938E400787790 /* Assets.xcassets */,
				06DC3E231CD938E400787790 /* LaunchScreen.storyboard */,
				06042E171CDBD03800967877 /* add.png */,
				06042E181CDBD03800967877 /* down.png */,
				06042E191CDBD03800967877 /* left.png */,
				06042E1A1CDBD03800967877 /* minus.png */,
				06042E1B1CDBD03800967877 /* right.png */,
				06042E1C1CDBD03800967877 /* up.png */,
				06DC3E261CD938E400787790 /* Info.plist */,
			);
			path = dioda3;
			sourceTree = "<group>";
		};
		06DC3E2E1CD938E400787790 /* dioda3Tests */ = {
			isa = PBXGroup;
			children = (
				06DC3E2F1CD938E500787790 /* dioda3Tests.swift */,
				06DC3E311CD938E500787790 /* Info.plist */,
			);
			path = dioda3Tests;
			sourceTree = "<group>";
		};
/* End PBXGroup section */

/* Begin PBXNativeTarget section */
		06DC3E161CD938E400787790 /* dioda3 */ = {
			isa = PBXNativeTarget;
			buildConfigurationList = 06DC3E341CD938E500787790 /* Build configuration list for PBXNativeTarget "dioda3" */;
			buildPhases = (
				06DC3E131CD938E400787790 /* Sources */,
				06DC3E141CD938E400787790 /* Frameworks */,
				06DC3E151CD938E400787790 /* Resources */,
			);
			buildRules = (
			);
			dependencies = (
			);
			name = dioda3;
			productName = dioda3;
			productReference = 06DC3E171CD938E400787790 /* dioda3.app */;
			productType = "com.apple.product-type.application";
		};
		06DC3E2A1CD938E400787790 /* dioda3Tests */ = {
			isa = PBXNativeTarget;
			buildConfigurationList = 06DC3E371CD938E500787790 /* Build configuration list for PBXNativeTarget "dioda3Tests" */;
			buildPhases = (
				06DC3E271CD938E400787790 /* Sources */,
				06DC3E281CD938E400787790 /* Frameworks */,
				06DC3E291CD938E400787790 /* Resources */,
			);
			buildRules = (
			);
			dependencies = (
				06DC3E2D1CD938E400787790 /* PBXTargetDependency */,
			);
			name = dioda3Tests;
			productName = dioda3Tests;
			productReference = 06DC3E2B1CD938E400787790 /* dioda3Tests.xctest */;
			productType = "com.apple.product-type.bundle.unit-test";
		};
/* End PBXNativeTarget section */

/* Begin PBXProject section */
		06DC3E0F1CD938E400787790 /* Project object */ = {
			isa = PBXProject;
			attributes = {
				LastSwiftUpdateCheck = 0720;
				LastUpgradeCheck = 0720;
				ORGANIZATIONNAME = "Katerina Bakun";
				TargetAttributes = {
					06DC3E161CD938E400787790 = {
						CreatedOnToolsVersion = 7.2.1;
					};
					06DC3E2A1CD938E400787790 = {
						CreatedOnToolsVersion = 7.2.1;
						TestTargetID = 06DC3E161CD938E400787790;
					};
				};
			};
			buildConfigurationList = 06DC3E121CD938E400787790 /* Build configuration list for PBXProject "dioda3" */;
			compatibilityVersion = "Xcode 3.2";
			developmentRegion = English;
			hasScannedForEncodings = 0;
			knownRegions = (
				en,
				Base,
			);
			mainGroup = 06DC3E0E1CD938E400787790;
			productRefGroup = 06DC3E181CD938E400787790 /* Products */;
			projectDirPath = "";
			projectRoot = "";
			targets = (
				06DC3E161CD938E400787790 /* dioda3 */,
				06DC3E2A1CD938E400787790 /* dioda3Tests */,
			);
		};
/* End PBXProject section */

/* Begin PBXResourcesBuildPhase section */
		06DC3E151CD938E400787790 /* Resources */ = {
			isa = PBXResourcesBuildPhase;
			buildActionMask = 2147483647;
			files = (
				06DC3E251CD938E400787790 /* LaunchScreen.storyboard in Resources */,
				06042E1E1CDBD03800967877 /* down.png in Resources */,
				06042E211CDBD03800967877 /* right.png in Resources */,
				06042E1F1CDBD03800967877 /* left.png in Resources */,
				06DC3E221CD938E400787790 /* Assets.xcassets in Resources */,
				06042E201CDBD03800967877 /* minus.png in Resources */,
				06042E221CDBD03800967877 /* up.png in Resources */,
				06DC3E201CD938E400787790 /* Main.storyboard in Resources */,
				06042E1D1CDBD03800967877 /* add.png in Resources */,
			);
			runOnlyForDeploymentPostprocessing = 0;
		};
		06DC3E291CD938E400787790 /* Resources */ = {
			isa = PBXResourcesBuildPhase;
			buildActionMask = 2147483647;
			files = (
			);
			runOnlyForDeploymentPostprocessing = 0;
		};
/* End PBXResourcesBuildPhase section */

/* Begin PBXSourcesBuildPhase section */
		06DC3E131CD938E400787790 /* Sources */ = {
			isa = PBXSourcesBuildPhase;
			buildActionMask = 2147483647;
			files = (
				06DC3E1D1CD938E400787790 /* ViewController.swift in Sources */,
				06DC3E1B1CD938E400787790 /* AppDelegate.swift in Sources */,
			);
			runOnlyForDeploymentPostprocessing = 0;
		};
		06DC3E271CD938E400787790 /* Sources */ = {
			isa = PBXSourcesBuildPhase;
			buildActionMask = 2147483647;
			files = (
				06DC3E301CD938E500787790 /* dioda3Tests.swift in Sources */,
			);
			runOnlyForDeploymentPostprocessing = 0;
		};
/* End PBXSourcesBuildPhase section */

/* Begin PBXTargetDependency section */
		06DC3E2D1CD938E400787790 /* PBXTargetDependency */ = {
			isa = PBXTargetDependency;
			target = 06DC3E161CD938E400787790 /* dioda3 */;
			targetProxy = 06DC3E2C1CD938E400787790 /* PBXContainerItemProxy */;
		};
/* End PBXTargetDependency section */

/* Begin PBXVariantGroup section */
		06DC3E1E1CD938E400787790 /* Main.storyboard */ = {
			isa = PBXVariantGroup;
			children = (
				06DC3E1F1CD938E400787790 /* Base */,
			);
			name = Main.storyboard;
			sourceTree = "<group>";
		};
		06DC3E231CD938E400787790 /* LaunchScreen.storyboard */ = {
			isa = PBXVariantGroup;
			children = (
				06DC3E241CD938E400787790 /* Base */,
			);
			name = LaunchScreen.storyboard;
			sourceTree = "<group>";
		};
/* End PBXVariantGroup section */

/* Begin XCBuildConfiguration section */
		06DC3E321CD938E500787790 /* Debug */ = {
			isa = XCBuildConfiguration;
			buildSettings = {
				ALWAYS_SEARCH_USER_PATHS = NO;
				CLANG_CXX_LANGUAGE_STANDARD = "gnu++0x";
				CLANG_CXX_LIBRARY = "libc++";
				CLANG_ENABLE_MODULES = YES;
				CLANG_ENABLE_OBJC_ARC = YES;
				CLANG_WARN_BOOL_CONVERSION = YES;
				CLANG_WARN_CONSTANT_CONVERSION = YES;
				CLANG_WARN_DIRECT_OBJC_ISA_USAGE = YES_ERROR;
				CLANG_WARN_EMPTY_BODY = YES;
				CLANG_WARN_ENUM_CONVERSION = YES;
				CLANG_WARN_INT_CONVERSION = YES;
				CLANG_WARN_OBJC_ROOT_CLASS = YES_ERROR;
				CLANG_WARN_UNREACHABLE_CODE = YES;
				CLANG_WARN__DUPLICATE_METHOD_MATCH = YES;
				"CODE_SIGN_IDENTITY[sdk=iphoneos*]" = "iPhone Developer";
				COPY_PHASE_STRIP = NO;
				DEBUG_INFORMATION_FORMAT = dwarf;
				ENABLE_STRICT_OBJC_MSGSEND = YES;
				ENABLE_TESTABILITY = YES;
				GCC_C_LANGUAGE_STANDARD = gnu99;
				GCC_DYNAMIC_NO_PIC = NO;
				GCC_NO_COMMON_BLOCKS = YES;
				GCC_OPTIMIZATION_LEVEL = 0;
				GCC_PREPROCESSOR_DEFINITIONS = (
					"DEBUG=1",
					"$(inherited)",
				);
				GCC_WARN_64_TO_32_BIT_CONVERSION = YES;
				GCC_WARN_ABOUT_RETURN_TYPE = YES_ERROR;
				GCC_WARN_UNDECLARED_SELECTOR = YES;
				GCC_WARN_UNINITIALIZED_AUTOS = YES_AGGRESSIVE;
				GCC_WARN_UNUSED_FUNCTION = YES;
				GCC_WARN_UNUSED_VARIABLE = YES;
				IPHONEOS_DEPLOYMENT_TARGET = 9.2;
				MTL_ENABLE_DEBUG_INFO = YES;
				ONLY_ACTIVE_ARCH = YES;
				SDKROOT = iphoneos;
				SWIFT_OPTIMIZATION_LEVEL = "-Onone";
			};
			name = Debug;
		};
		06DC3E331CD938E500787790 /* Release */ = {
			isa = XCBuildConfiguration;
			buildSettings = {
				ALWAYS_SEARCH_USER_PATHS = NO;
				CLANG_CXX_LANGUAGE_STANDARD = "gnu++0x";
				CLANG_CXX_LIBRARY = "libc++";
				CLANG_ENABLE_MODULES = YES;
				CLANG_ENABLE_OBJC_ARC = YES;
				CLANG_WARN_BOOL_CONVERSION = YES;
				CLANG_WARN_CONSTANT_CONVERSION = YES;
				CLANG_WARN_DIRECT_OBJC_ISA_USAGE = YES_ERROR;
				CLANG_WARN_EMPTY_BODY = YES;
				CLANG_WARN_ENUM_CONVERSION = YES;
				CLANG_WARN_INT_CONVERSION = YES;
				CLANG_WARN_OBJC_ROOT_CLASS = YES_ERROR;
				CLANG_WARN_UNREACHABLE_CODE = YES;
				CLANG_WARN__DUPLICATE_METHOD_MATCH = YES;
				"CODE_SIGN_IDENTITY[sdk=iphoneos*]" = "iPhone Developer";
				COPY_PHASE_STRIP = NO;
				DEBUG_INFORMATION_FORMAT = "dwarf-with-dsym";
				ENABLE_NS_ASSERTIONS = NO;
				ENABLE_STRICT_OBJC_MSGSEND = YES;
				GCC_C_LANGUAGE_STANDARD = gnu99;
				GCC_NO_COMMON_BLOCKS = YES;
				GCC_WARN_64_TO_32_BIT_CONVERSION = YES;
				GCC_WARN_ABOUT_RETURN_TYPE = YES_ERROR;
				GCC_WARN_UNDECLARED_SELECTOR = YES;
				GCC_WARN_UNINITIALIZED_AUTOS = YES_AGGRESSIVE;
				GCC_WARN_UNUSED_FUNCTION = YES;
				GCC_WARN_UNUSED_VARIABLE = YES;
				IPHONEOS_DEPLOYMENT_TARGET = 9.2;
				MTL_ENABLE_DEBUG_INFO = NO;
				SDKROOT = iphoneos;
				VALIDATE_PRODUCT = YES;
			};
			name = Release;
		};
		06DC3E351CD938E500787790 /* Debug */ = {
			isa = XCBuildConfiguration;
			buildSettings = {
				ASSETCATALOG_COMPILER_APPICON_NAME = AppIcon;
				INFOPLIST_FILE = dioda3/Info.plist;
				LD_RUNPATH_SEARCH_PATHS = "$(inherited) @executable_path/Frameworks";
				PRODUCT_BUNDLE_IDENTIFIER = com.example.dioda3;
				PRODUCT_NAME = "$(TARGET_NAME)";
			};
			name = Debug;
		};
		06DC3E361CD938E500787790 /* Release */ = {
			isa = XCBuildConfiguration;
			buildSettings = {
				ASSETCATALOG_COMPILER_APPICON_NAME = AppIcon;
				INFOPLIST_FILE = dioda3/Info.plist;
				LD_RUNPATH_SEARCH_PATHS = "$(inherited) @executable_path/Frameworks";
				PRODUCT_BUNDLE_IDENTIFIER = com.example.dioda3;
				PRODUCT_NAME = "$(TARGET_NAME)";
			};
			name = Release;
		};
		06DC3E381CD938E500787790 /* Debug */ = {
			isa = XCBuildConfiguration;
			buildSettings = {
				BUNDLE_LOADER = "$(TEST_HOST)";
				INFOPLIST_FILE = dioda3Tests/Info.plist;
				LD_RUNPATH_SEARCH_PATHS = "$(inherited) @executable_path/Frameworks @loader_path/Frameworks";
				PRODUCT_BUNDLE_IDENTIFIER = com.example.dioda3Tests;
				PRODUCT_NAME = "$(TARGET_NAME)";
				TEST_HOST = "$(BUILT_PRODUCTS_DIR)/dioda3.app/dioda3";
			};
			name = Debug;
		};
		06DC3E391CD938E500787790 /* Release */ = {
			isa = XCBuildConfiguration;
			buildSettings = {
				BUNDLE_LOADER = "$(TEST_HOST)";
				INFOPLIST_FILE = dioda3Tests/Info.plist;
				LD_RUNPATH_SEARCH_PATHS = "$(inherited) @executable_path/Frameworks @loader_path/Frameworks";
				PRODUCT_BUNDLE_IDENTIFIER = com.example.dioda3Tests;
				PRODUCT_NAME = "$(TARGET_NAME)";
				TEST_HOST = "$(BUILT_PRODUCTS_DIR)/dioda3.app/dioda3";
			};
			name = Release;
		};
/* End XCBuildConfiguration section */

/* Begin XCConfigurationList section */
		06DC3E121CD938E400787790 /* Build configuration list for PBXProject "dioda3" */ = {
			isa = XCConfigurationList;
			buildConfigurations = (
				06DC3E321CD938E500787790 /* Debug */,
				06DC3E331CD938E500787790 /* Release */,
			);
			defaultConfigurationIsVisible = 0;
			defaultConfigurationName = Release;
		};
		06DC3E341CD938E500787790 /* Build configuration list for PBXNativeTarget "dioda3" */ = {
			isa = XCConfigurationList;
			buildConfigurations = (
				06DC3E351CD938E500787790 /* Debug */,
				06DC3E361CD938E500787790 /* Release */,
			);
			defaultConfigurationIsVisible = 0;
			defaultConfigurationName = Release;
		};
		06DC3E371CD938E500787790 /* Build configuration list for PBXNativeTarget "dioda3Tests" */ = {
			isa = XCConfigurationList;
			buildConfigurations = (
				06DC3E381CD938E500787790 /* Debug */,
				06DC3E391CD938E500787790 /* Release */,
			);
			defaultConfigurationIsVisible = 0;
			defaultConfigurationName = Release;
		};
/* End XCConfigurationList section */
	};
	rootObject = 06DC3E0F1CD938E400787790 /* Project object */;
}
